{
  "name": "love-language",
  "version": "1.0.2",
  "lockfileVersion": 3,
  "requires": true,
  "packages": {
    "": {
      "name": "love-language",
      "version": "1.0.2",
      "hasInstallScript": true,
      "dependencies": {
        "knuth-shuffle": "~1.0.0"
      },
      "bin": {
        "love-language": "cli.js",
        "quizomatic": "cli.js"
      },
      "devDependencies": {},
      "engines": {
        "node": "*"
      }
    },
    "node_modules/knuth-shuffle": {
      "version": "1.0.8",
      "resolved": "https://registry.npmjs.org/knuth-shuffle/-/knuth-shuffle-1.0.8.tgz",
      "integrity": "sha512-IdC4Hpp+mx53zTt6VAGsAtbGM0g4BV9fP8tTcviCosSwocHcRDw9uG5Rnv6wLWckF4r72qeXFoK9NkvV1gUJCQ=="
    }
  }
}
